### YamlMime:UniversalReference
items:
  - uid: tslib.AsyncLock
    name: AsyncLock
    fullName: AsyncLock
    children:
      - tslib.AsyncLock.acquire
      - tslib.AsyncLock.acquire_1
      - tslib.AsyncLock.constructor
      - tslib.AsyncLock.isBusy
    langs:
      - typeScript
    type: class
    summary: ''
    package: tslib
  - uid: tslib.AsyncLock.acquire
    name: >-
      acquire(string | string[], () => T | PromiseLike<T> | (done:
      AsyncLockDoneCallback<T>) => any, AsyncLockOptions)
    children: []
    type: method
    langs:
      - typeScript
    summary: ''
    syntax:
      content: >-
        function acquire<T>(key: string | string[], fn: () => T | PromiseLike<T>
        | (done: AsyncLockDoneCallback<T>) => any, opts?: AsyncLockOptions)
      parameters:
        - id: key
          type:
            - 'string | string[]'
          description: ''
        - id: fn
          type:
            - '() => T | PromiseLike<T> | (done: AsyncLockDoneCallback<T>) => any'
          description: ''
        - id: opts
          type:
            - tslib.AsyncLockOptions
          description: ''
          optional: true
      return:
        type:
          - Promise<T>
        description: ''
    package: tslib
  - uid: tslib.AsyncLock.acquire_1
    name: >-
      acquire(string | string[], (done: AsyncLockDoneCallback<T>) => any,
      AsyncLockDoneCallback<T>, AsyncLockOptions)
    children: []
    type: method
    langs:
      - typeScript
    summary: ''
    syntax:
      content: >-
        function acquire<T>(key: string | string[], fn: (done:
        AsyncLockDoneCallback<T>) => any, cb: AsyncLockDoneCallback<T>, opts?:
        AsyncLockOptions)
      parameters:
        - id: key
          type:
            - 'string | string[]'
          description: ''
        - id: fn
          type:
            - '(done: AsyncLockDoneCallback<T>) => any'
          description: ''
        - id: cb
          type:
            - tslib.AsyncLockDoneCallback<T>
          description: ''
        - id: opts
          type:
            - tslib.AsyncLockOptions
          description: ''
          optional: true
    package: tslib
  - uid: tslib.AsyncLock.constructor
    name: AsyncLock(AsyncLockOptions)
    children: []
    type: constructor
    langs:
      - typeScript
    summary: ''
    syntax:
      content: 'new AsyncLock(options?: AsyncLockOptions)'
      parameters:
        - id: options
          type:
            - tslib.AsyncLockOptions
          description: ''
          optional: true
    package: tslib
  - uid: tslib.AsyncLock.isBusy
    name: isBusy(undefined | string)
    children: []
    type: method
    langs:
      - typeScript
    summary: ''
    syntax:
      content: 'function isBusy(key?: undefined | string)'
      parameters:
        - id: key
          type:
            - undefined | string
          description: ''
          optional: true
      return:
        type:
          - boolean
        description: ''
    package: tslib
references:
  - uid: tslib.AsyncLockOptions
    name: AsyncLockOptions
    spec.typeScript:
      - name: AsyncLockOptions
        fullName: AsyncLockOptions
        uid: tslib.AsyncLockOptions
  - uid: tslib.AsyncLockDoneCallback<T>
    name: AsyncLockDoneCallback<T>
    spec.typeScript:
      - name: AsyncLockDoneCallback
        fullName: AsyncLockDoneCallback
        uid: tslib.AsyncLockDoneCallback
      - name: <T>
        fullName: <T>
